
Microsoft Visual Studio Solution File, Format Version 12.00
# Visual Studio Version 17
VisualStudioVersion = 17.6.33723.286
MinimumVisualStudioVersion = 10.0.40219.1
Project("{888888A0-9F3D-457C-B088-3A5042F75D52}") = "JeopardyProject", "JeopardyProject\JeopardyProject.pyproj", "{F98D1A9F-2E40-47DB-AD6B-7CEBD2A2D46B}"
EndProject
Global
	GlobalSection(SolutionConfigurationPlatforms) = preSolution
		Debug|Any CPU = Debug|Any CPU
		Release|Any CPU = Release|Any CPU
	EndGlobalSection
	GlobalSection(ProjectConfigurationPlatforms) = postSolution
		{F98D1A9F-2E40-47DB-AD6B-7CEBD2A2D46B}.Debug|Any CPU.ActiveCfg = Debug|Any CPU
		{F98D1A9F-2E40-47DB-AD6B-7CEBD2A2D46B}.Release|Any CPU.ActiveCfg = Release|Any CPU
	EndGlobalSection
	GlobalSection(SolutionProperties) = preSolution
		HideSolutionNode = FALSE
	EndGlobalSection
	GlobalSection(ExtensibilityGlobals) = postSolution
		SolutionGuid = {2636A34E-3239-4C63-9750-7186B2D7774A}
	EndGlobalSection
EndGlobal
